// !$*UTF8*$!
{
	archiveVersion = 1;
	classes = {
	};
	objectVersion = 56;
	objects = {

/* Begin PBXBuildFile section */
		B9FB74082BE5E258000024B7 /* ChessHeroApp.swift in Sources */ = {isa = PBXBuildFile; fileRef = B9FB74072BE5E258000024B7 /* ChessHeroApp.swift */; };
		B9FB740A2BE5E258000024B7 /* ContentView.swift in Sources */ = {isa = PBXBuildFile; fileRef = B9FB74092BE5E258000024B7 /* ContentView.swift */; };
		B9FB740C2BE5E259000024B7 /* Assets.xcassets in Resources */ = {isa = PBXBuildFile; fileRef = B9FB740B2BE5E259000024B7 /* Assets.xcassets */; };
		B9FB740F2BE5E259000024B7 /* Preview Assets.xcassets in Resources */ = {isa = PBXBuildFile; fileRef = B9FB740E2BE5E259000024B7 /* Preview Assets.xcassets */; };
		B9FB74192BE5E259000024B7 /* ChessHeroTests.swift in Sources */ = {isa = PBXBuildFile; fileRef = B9FB74182BE5E259000024B7 /* ChessHeroTests.swift */; };
		B9FB74232BE5E259000024B7 /* ChessHeroUITests.swift in Sources */ = {isa = PBXBuildFile; fileRef = B9FB74222BE5E259000024B7 /* ChessHeroUITests.swift */; };
		B9FB74252BE5E259000024B7 /* ChessHeroUITestsLaunchTests.swift in Sources */ = {isa = PBXBuildFile; fileRef = B9FB74242BE5E259000024B7 /* ChessHeroUITestsLaunchTests.swift */; };
/* End PBXBuildFile section */

/* Begin PBXContainerItemProxy section */
		B9FB74152BE5E259000024B7 /* PBXContainerItemProxy */ = {
			isa = PBXContainerItemProxy;
			containerPortal = B9FB73FC2BE5E258000024B7 /* Project object */;
			proxyType = 1;
			remoteGlobalIDString = B9FB74032BE5E258000024B7;
			remoteInfo = ChessHero;
		};
		B9FB741F2BE5E259000024B7 /* PBXContainerItemProxy */ = {
			isa = PBXContainerItemProxy;
			containerPortal = B9FB73FC2BE5E258000024B7 /* Project object */;
			proxyType = 1;
			remoteGlobalIDString = B9FB74032BE5E258000024B7;
			remoteInfo = ChessHero;
		};
/* End PBXContainerItemProxy section */

/* Begin PBXFileReference section */
		B9FB74042BE5E258000024B7 /* ChessHero.app */ = {isa = PBXFileReference; explicitFileType = wrapper.application; includeInIndex = 0; path = ChessHero.app; sourceTree = BUILT_PRODUCTS_DIR; };
		B9FB74072BE5E258000024B7 /* ChessHeroApp.swift */ = {isa = PBXFileReference; lastKnownFileType = sourcecode.swift; path = ChessHeroApp.swift; sourceTree = "<group>"; };
		B9FB74092BE5E258000024B7 /* ContentView.swift */ = {isa = PBXFileReference; lastKnownFileType = sourcecode.swift; path = ContentView.swift; sourceTree = "<group>"; };
		B9FB740B2BE5E259000024B7 /* Assets.xcassets */ = {isa = PBXFileReference; lastKnownFileType = folder.assetcatalog; path = Assets.xcassets; sourceTree = "<group>"; };
		B9FB740E2BE5E259000024B7 /* Preview Assets.xcassets */ = {isa = PBXFileReference; lastKnownFileType = folder.assetcatalog; path = "Preview Assets.xcassets"; sourceTree = "<group>"; };
		B9FB74142BE5E259000024B7 /* ChessHeroTests.xctest */ = {isa = PBXFileReference; explicitFileType = wrapper.cfbundle; includeInIndex = 0; path = ChessHeroTests.xctest; sourceTree = BUILT_PRODUCTS_DIR; };
		B9FB74182BE5E259000024B7 /* ChessHeroTests.swift */ = {isa = PBXFileReference; lastKnownFileType = sourcecode.swift; path = ChessHeroTests.swift; sourceTree = "<group>"; };
		B9FB741E2BE5E259000024B7 /* ChessHeroUITests.xctest */ = {isa = PBXFileReference; explicitFileType = wrapper.cfbundle; includeInIndex = 0; path = ChessHeroUITests.xctest; sourceTree = BUILT_PRODUCTS_DIR; };
		B9FB74222BE5E259000024B7 /* ChessHeroUITests.swift */ = {isa = PBXFileReference; lastKnownFileType = sourcecode.swift; path = ChessHeroUITests.swift; sourceTree = "<group>"; };
		B9FB74242BE5E259000024B7 /* ChessHeroUITestsLaunchTests.swift */ = {isa = PBXFileReference; lastKnownFileType = sourcecode.swift; path = ChessHeroUITestsLaunchTests.swift; sourceTree = "<group>"; };
/* End PBXFileReference section */

/* Begin PBXFrameworksBuildPhase section */
		B9FB74012BE5E258000024B7 /* Frameworks */ = {
			isa = PBXFrameworksBuildPhase;
			buildActionMask = 2147483647;
			files = (
			);
			runOnlyForDeploymentPostprocessing = 0;
		};
		B9FB74112BE5E259000024B7 /* Frameworks */ = {
			isa = PBXFrameworksBuildPhase;
			buildActionMask = 2147483647;
			files = (
			);
			runOnlyForDeploymentPostprocessing = 0;
		};
		B9FB741B2BE5E259000024B7 /* Frameworks */ = {
			isa = PBXFrameworksBuildPhase;
			buildActionMask = 2147483647;
			files = (
			);
			runOnlyForDeploymentPostprocessing = 0;
		};
/* End PBXFrameworksBuildPhase section */

/* Begin PBXGroup section */
		B9FB73FB2BE5E258000024B7 = {
			isa = PBXGroup;
			children = (
				B9FB74062BE5E258000024B7 /* ChessHero */,
				B9FB74172BE5E259000024B7 /* ChessHeroTests */,
				B9FB74212BE5E259000024B7 /* ChessHeroUITests */,
				B9FB74052BE5E258000024B7 /* Products */,
			);
			sourceTree = "<group>";
		};
		B9FB74052BE5E258000024B7 /* Products */ = {
			isa = PBXGroup;
			children = (
				B9FB74042BE5E258000024B7 /* ChessHero.app */,
				B9FB74142BE5E259000024B7 /* ChessHeroTests.xctest */,
				B9FB741E2BE5E259000024B7 /* ChessHeroUITests.xctest */,
			);
			name = Products;
			sourceTree = "<group>";
		};
		B9FB74062BE5E258000024B7 /* ChessHero */ = {
			isa = PBXGroup;
			children = (
				B9FB74072BE5E258000024B7 /* ChessHeroApp.swift */,
				B9FB74092BE5E258000024B7 /* ContentView.swift */,
				B9FB740B2BE5E259000024B7 /* Assets.xcassets */,
				B9FB740D2BE5E259000024B7 /* Preview Content */,
			);
			path = ChessHero;
			sourceTree = "<group>";
		};
		B9FB740D2BE5E259000024B7 /* Preview Content */ = {
			isa = PBXGroup;
			children = (
				B9FB740E2BE5E259000024B7 /* Preview Assets.xcassets */,
			);
			path = "Preview Content";
			sourceTree = "<group>";
		};
		B9FB74172BE5E259000024B7 /* ChessHeroTests */ = {
			isa = PBXGroup;
			children = (
				B9FB74182BE5E259000024B7 /* ChessHeroTests.swift */,
			);
			path = ChessHeroTests;
			sourceTree = "<group>";
		};
		B9FB74212BE5E259000024B7 /* ChessHeroUITests */ = {
			isa = PBXGroup;
			children = (
				B9FB74222BE5E259000024B7 /* ChessHeroUITests.swift */,
				B9FB74242BE5E259000024B7 /* ChessHeroUITestsLaunchTests.swift */,
			);
			path = ChessHeroUITests;
			sourceTree = "<group>";
		};
/* End PBXGroup section */

/* Begin PBXNativeTarget section */
		B9FB74032BE5E258000024B7 /* ChessHero */ = {
			isa = PBXNativeTarget;
			buildConfigurationList = B9FB74282BE5E259000024B7 /* Build configuration list for PBXNativeTarget "ChessHero" */;
			buildPhases = (
				B9FB74002BE5E258000024B7 /* Sources */,
				B9FB74012BE5E258000024B7 /* Frameworks */,
				B9FB74022BE5E258000024B7 /* Resources */,
			);
			buildRules = (
			);
			dependencies = (
			);
			name = ChessHero;
			productName = ChessHero;
			productReference = B9FB74042BE5E258000024B7 /* ChessHero.app */;
			productType = "com.apple.product-type.application";
		};
		B9FB74132BE5E259000024B7 /* ChessHeroTests */ = {
			isa = PBXNativeTarget;
			buildConfigurationList = B9FB742B2BE5E259000024B7 /* Build configuration list for PBXNativeTarget "ChessHeroTests" */;
			buildPhases = (
				B9FB74102BE5E259000024B7 /* Sources */,
				B9FB74112BE5E259000024B7 /* Frameworks */,
				B9FB74122BE5E259000024B7 /* Resources */,
			);
			buildRules = (
			);
			dependencies = (
				B9FB74162BE5E259000024B7 /* PBXTargetDependency */,
			);
			name = ChessHeroTests;
			productName = ChessHeroTests;
			productReference = B9FB74142BE5E259000024B7 /* ChessHeroTests.xctest */;
			productType = "com.apple.product-type.bundle.unit-test";
		};
		B9FB741D2BE5E259000024B7 /* ChessHeroUITests */ = {
			isa = PBXNativeTarget;
			buildConfigurationList = B9FB742E2BE5E259000024B7 /* Build configuration list for PBXNativeTarget "ChessHeroUITests" */;
			buildPhases = (
				B9FB741A2BE5E259000024B7 /* Sources */,
				B9FB741B2BE5E259000024B7 /* Frameworks */,
				B9FB741C2BE5E259000024B7 /* Resources */,
			);
			buildRules = (
			);
			dependencies = (
				B9FB74202BE5E259000024B7 /* PBXTargetDependency */,
			);
			name = ChessHeroUITests;
			productName = ChessHeroUITests;
			productReference = B9FB741E2BE5E259000024B7 /* ChessHeroUITests.xctest */;
			productType = "com.apple.product-type.bundle.ui-testing";
		};
/* End PBXNativeTarget section */

/* Begin PBXProject section */
		B9FB73FC2BE5E258000024B7 /* Project object */ = {
			isa = PBXProject;
			attributes = {
				BuildIndependentTargetsInParallel = 1;
				LastSwiftUpdateCheck = 1530;
				LastUpgradeCheck = 1530;
				TargetAttributes = {
					B9FB74032BE5E258000024B7 = {
						CreatedOnToolsVersion = 15.3;
					};
					B9FB74132BE5E259000024B7 = {
						CreatedOnToolsVersion = 15.3;
						TestTargetID = B9FB74032BE5E258000024B7;
					};
					B9FB741D2BE5E259000024B7 = {
						CreatedOnToolsVersion = 15.3;
						TestTargetID = B9FB74032BE5E258000024B7;
					};
				};
			};
			buildConfigurationList = B9FB73FF2BE5E258000024B7 /* Build configuration list for PBXProject "ChessHero" */;
			compatibilityVersion = "Xcode 14.0";
			developmentRegion = en;
			hasScannedForEncodings = 0;
			knownRegions = (
				en,
				Base,
			);
			mainGroup = B9FB73FB2BE5E258000024B7;
			productRefGroup = B9FB74052BE5E258000024B7 /* Products */;
			projectDirPath = "";
			projectRoot = "";
			targets = (
				B9FB74032BE5E258000024B7 /* ChessHero */,
				B9FB74132BE5E259000024B7 /* ChessHeroTests */,
				B9FB741D2BE5E259000024B7 /* ChessHeroUITests */,
			);
		};
/* End PBXProject section */

/* Begin PBXResourcesBuildPhase section */
		B9FB74022BE5E258000024B7 /* Resources */ = {
			isa = PBXResourcesBuildPhase;
			buildActionMask = 2147483647;
			files = (
				B9FB740F2BE5E259000024B7 /* Preview Assets.xcassets in Resources */,
				B9FB740C2BE5E259000024B7 /* Assets.xcassets in Resources */,
			);
			runOnlyForDeploymentPostprocessing = 0;
		};
		B9FB74122BE5E259000024B7 /* Resources */ = {
			isa = PBXResourcesBuildPhase;
			buildActionMask = 2147483647;
			files = (
			);
			runOnlyForDeploymentPostprocessing = 0;
		};
		B9FB741C2BE5E259000024B7 /* Resources */ = {
			isa = PBXResourcesBuildPhase;
			buildActionMask = 2147483647;
			files = (
			);
			runOnlyForDeploymentPostprocessing = 0;
		};
/* End PBXResourcesBuildPhase section */

/* Begin PBXSourcesBuildPhase section */
		B9FB74002BE5E258000024B7 /* Sources */ = {
			isa = PBXSourcesBuildPhase;
			buildActionMask = 2147483647;
			files = (
				B9FB740A2BE5E258000024B7 /* ContentView.swift in Sources */,
				B9FB74082BE5E258000024B7 /* ChessHeroApp.swift in Sources */,
			);
			runOnlyForDeploymentPostprocessing = 0;
		};
		B9FB74102BE5E259000024B7 /* Sources */ = {
			isa = PBXSourcesBuildPhase;
			buildActionMask = 2147483647;
			files = (
				B9FB74192BE5E259000024B7 /* ChessHeroTests.swift in Sources */,
			);
			runOnlyForDeploymentPostprocessing = 0;
		};
		B9FB741A2BE5E259000024B7 /* Sources */ = {
			isa = PBXSourcesBuildPhase;
			buildActionMask = 2147483647;
			files = (
				B9FB74232BE5E259000024B7 /* ChessHeroUITests.swift in Sources */,
				B9FB74252BE5E259000024B7 /* ChessHeroUITestsLaunchTests.swift in Sources */,
			);
			runOnlyForDeploymentPostprocessing = 0;
		};
/* End PBXSourcesBuildPhase section */

/* Begin PBXTargetDependency section */
		B9FB74162BE5E259000024B7 /* PBXTargetDependency */ = {
			isa = PBXTargetDependency;
			target = B9FB74032BE5E258000024B7 /* ChessHero */;
			targetProxy = B9FB74152BE5E259000024B7 /* PBXContainerItemProxy */;
		};
		B9FB74202BE5E259000024B7 /* PBXTargetDependency */ = {
			isa = PBXTargetDependency;
			target = B9FB74032BE5E258000024B7 /* ChessHero */;
			targetProxy = B9FB741F2BE5E259000024B7 /* PBXContainerItemProxy */;
		};
/* End PBXTargetDependency section */

/* Begin XCBuildConfiguration section */
		B9FB74262BE5E259000024B7 /* Debug */ = {
			isa = XCBuildConfiguration;
			buildSettings = {
				ALWAYS_SEARCH_USER_PATHS = NO;
				ASSETCATALOG_COMPILER_GENERATE_SWIFT_ASSET_SYMBOL_EXTENSIONS = YES;
				CLANG_ANALYZER_NONNULL = YES;
				CLANG_ANALYZER_NUMBER_OBJECT_CONVERSION = YES_AGGRESSIVE;
				CLANG_CXX_LANGUAGE_STANDARD = "gnu++20";
				CLANG_ENABLE_MODULES = YES;
				CLANG_ENABLE_OBJC_ARC = YES;
				CLANG_ENABLE_OBJC_WEAK = YES;
				CLANG_WARN_BLOCK_CAPTURE_AUTORELEASING = YES;
				CLANG_WARN_BOOL_CONVERSION = YES;
				CLANG_WARN_COMMA = YES;
				CLANG_WARN_CONSTANT_CONVERSION = YES;
				CLANG_WARN_DEPRECATED_OBJC_IMPLEMENTATIONS = YES;
				CLANG_WARN_DIRECT_OBJC_ISA_USAGE = YES_ERROR;
				CLANG_WARN_DOCUMENTATION_COMMENTS = YES;
				CLANG_WARN_EMPTY_BODY = YES;
				CLANG_WARN_ENUM_CONVERSION = YES;
				CLANG_WARN_INFINITE_RECURSION = YES;
				CLANG_WARN_INT_CONVERSION = YES;
				CLANG_WARN_NON_LITERAL_NULL_CONVERSION = YES;
				CLANG_WARN_OBJC_IMPLICIT_RETAIN_SELF = YES;
				CLANG_WARN_OBJC_LITERAL_CONVERSION = YES;
				CLANG_WARN_OBJC_ROOT_CLASS = YES_ERROR;
				CLANG_WARN_QUOTED_INCLUDE_IN_FRAMEWORK_HEADER = YES;
				CLANG_WARN_RANGE_LOOP_ANALYSIS = YES;
				CLANG_WARN_STRICT_PROTOTYPES = YES;
				CLANG_WARN_SUSPICIOUS_MOVE = YES;
				CLANG_WARN_UNGUARDED_AVAILABILITY = YES_AGGRESSIVE;
				CLANG_WARN_UNREACHABLE_CODE = YES;
				CLANG_WARN__DUPLICATE_METHOD_MATCH = YES;
				COPY_PHASE_STRIP = NO;
				DEBUG_INFORMATION_FORMAT = dwarf;
				ENABLE_STRICT_OBJC_MSGSEND = YES;
				ENABLE_TESTABILITY = YES;
				ENABLE_USER_SCRIPT_SANDBOXING = YES;
				GCC_C_LANGUAGE_STANDARD = gnu17;
				GCC_DYNAMIC_NO_PIC = NO;
				GCC_NO_COMMON_BLOCKS = YES;
				GCC_OPTIMIZATION_LEVEL = 0;
				GCC_PREPROCESSOR_DEFINITIONS = (
					"DEBUG=1",
					"$(inherited)",
				);
				GCC_WARN_64_TO_32_BIT_CONVERSION = YES;
				GCC_WARN_ABOUT_RETURN_TYPE = YES_ERROR;
				GCC_WARN_UNDECLARED_SELECTOR = YES;
				GCC_WARN_UNINITIALIZED_AUTOS = YES_AGGRESSIVE;
				GCC_WARN_UNUSED_FUNCTION = YES;
				GCC_WARN_UNUSED_VARIABLE = YES;
				IPHONEOS_DEPLOYMENT_TARGET = 17.4;
				LOCALIZATION_PREFERS_STRING_CATALOGS = YES;
				MTL_ENABLE_DEBUG_INFO = INCLUDE_SOURCE;
				MTL_FAST_MATH = YES;
				ONLY_ACTIVE_ARCH = YES;
				SDKROOT = iphoneos;
				SWIFT_ACTIVE_COMPILATION_CONDITIONS = "DEBUG $(inherited)";
				SWIFT_OPTIMIZATION_LEVEL = "-Onone";
			};
			name = Debug;
		};
		B9FB74272BE5E259000024B7 /* Release */ = {
			isa = XCBuildConfiguration;
			buildSettings = {
				ALWAYS_SEARCH_USER_PATHS = NO;
				ASSETCATALOG_COMPILER_GENERATE_SWIFT_ASSET_SYMBOL_EXTENSIONS = YES;
				CLANG_ANALYZER_NONNULL = YES;
				CLANG_ANALYZER_NUMBER_OBJECT_CONVERSION = YES_AGGRESSIVE;
				CLANG_CXX_LANGUAGE_STANDARD = "gnu++20";
				CLANG_ENABLE_MODULES = YES;
				CLANG_ENABLE_OBJC_ARC = YES;
				CLANG_ENABLE_OBJC_WEAK = YES;
				CLANG_WARN_BLOCK_CAPTURE_AUTORELEASING = YES;
				CLANG_WARN_BOOL_CONVERSION = YES;
				CLANG_WARN_COMMA = YES;
				CLANG_WARN_CONSTANT_CONVERSION = YES;
				CLANG_WARN_DEPRECATED_OBJC_IMPLEMENTATIONS = YES;
				CLANG_WARN_DIRECT_OBJC_ISA_USAGE = YES_ERROR;
				CLANG_WARN_DOCUMENTATION_COMMENTS = YES;
				CLANG_WARN_EMPTY_BODY = YES;
				CLANG_WARN_ENUM_CONVERSION = YES;
				CLANG_WARN_INFINITE_RECURSION = YES;
				CLANG_WARN_INT_CONVERSION = YES;
				CLANG_WARN_NON_LITERAL_NULL_CONVERSION = YES;
				CLANG_WARN_OBJC_IMPLICIT_RETAIN_SELF = YES;
				CLANG_WARN_OBJC_LITERAL_CONVERSION = YES;
				CLANG_WARN_OBJC_ROOT_CLASS = YES_ERROR;
				CLANG_WARN_QUOTED_INCLUDE_IN_FRAMEWORK_HEADER = YES;
				CLANG_WARN_RANGE_LOOP_ANALYSIS = YES;
				CLANG_WARN_STRICT_PROTOTYPES = YES;
				CLANG_WARN_SUSPICIOUS_MOVE = YES;
				CLANG_WARN_UNGUARDED_AVAILABILITY = YES_AGGRESSIVE;
				CLANG_WARN_UNREACHABLE_CODE = YES;
				CLANG_WARN__DUPLICATE_METHOD_MATCH = YES;
				COPY_PHASE_STRIP = NO;
				DEBUG_INFORMATION_FORMAT = "dwarf-with-dsym";
				ENABLE_NS_ASSERTIONS = NO;
				ENABLE_STRICT_OBJC_MSGSEND = YES;
				ENABLE_USER_SCRIPT_SANDBOXING = YES;
				GCC_C_LANGUAGE_STANDARD = gnu17;
				GCC_NO_COMMON_BLOCKS = YES;
				GCC_WARN_64_TO_32_BIT_CONVERSION = YES;
				GCC_WARN_ABOUT_RETURN_TYPE = YES_ERROR;
				GCC_WARN_UNDECLARED_SELECTOR = YES;
				GCC_WARN_UNINITIALIZED_AUTOS = YES_AGGRESSIVE;
				GCC_WARN_UNUSED_FUNCTION = YES;
				GCC_WARN_UNUSED_VARIABLE = YES;
				IPHONEOS_DEPLOYMENT_TARGET = 17.4;
				LOCALIZATION_PREFERS_STRING_CATALOGS = YES;
				MTL_ENABLE_DEBUG_INFO = NO;
				MTL_FAST_MATH = YES;
				SDKROOT = iphoneos;
				SWIFT_COMPILATION_MODE = wholemodule;
				VALIDATE_PRODUCT = YES;
			};
			name = Release;
		};
		B9FB74292BE5E259000024B7 /* Debug */ = {
			isa = XCBuildConfiguration;
			buildSettings = {
				ASSETCATALOG_COMPILER_APPICON_NAME = AppIcon;
				ASSETCATALOG_COMPILER_GLOBAL_ACCENT_COLOR_NAME = AccentColor;
				CODE_SIGN_STYLE = Automatic;
				CURRENT_PROJECT_VERSION = 1;
				DEVELOPMENT_ASSET_PATHS = "\"ChessHero/Preview Content\"";
				ENABLE_PREVIEWS = YES;
				GENERATE_INFOPLIST_FILE = YES;
				INFOPLIST_KEY_UIApplicationSceneManifest_Generation = YES;
				INFOPLIST_KEY_UIApplicationSupportsIndirectInputEvents = YES;
				INFOPLIST_KEY_UILaunchScreen_Generation = YES;
				INFOPLIST_KEY_UISupportedInterfaceOrientations_iPad = "UIInterfaceOrientationPortrait UIInterfaceOrientationPortraitUpsideDown UIInterfaceOrientationLandscapeLeft UIInterfaceOrientationLandscapeRight";
				INFOPLIST_KEY_UISupportedInterfaceOrientations_iPhone = "UIInterfaceOrientationPortrait UIInterfaceOrientationLandscapeLeft UIInterfaceOrientationLandscapeRight";
				LD_RUNPATH_SEARCH_PATHS = (
					"$(inherited)",
					"@executable_path/Frameworks",
				);
				MARKETING_VERSION = 1.0;
				PRODUCT_BUNDLE_IDENTIFIER = com.example.ChessHero;
				PRODUCT_NAME = "$(TARGET_NAME)";
				SWIFT_EMIT_LOC_STRINGS = YES;
				SWIFT_VERSION = 5.0;
				TARGETED_DEVICE_FAMILY = "1,2";
			};
			name = Debug;
		};
		B9FB742A2BE5E259000024B7 /* Release */ = {
			isa = XCBuildConfiguration;
			buildSettings = {
				ASSETCATALOG_COMPILER_APPICON_NAME = AppIcon;
				ASSETCATALOG_COMPILER_GLOBAL_ACCENT_COLOR_NAME = AccentColor;
				CODE_SIGN_STYLE = Automatic;
				CURRENT_PROJECT_VERSION = 1;
				DEVELOPMENT_ASSET_PATHS = "\"ChessHero/Preview Content\"";
				ENABLE_PREVIEWS = YES;
				GENERATE_INFOPLIST_FILE = YES;
				INFOPLIST_KEY_UIApplicationSceneManifest_Generation = YES;
				INFOPLIST_KEY_UIApplicationSupportsIndirectInputEvents = YES;
				INFOPLIST_KEY_UILaunchScreen_Generation = YES;
				INFOPLIST_KEY_UISupportedInterfaceOrientations_iPad = "UIInterfaceOrientationPortrait UIInterfaceOrientationPortraitUpsideDown UIInterfaceOrientationLandscapeLeft UIInterfaceOrientationLandscapeRight";
				INFOPLIST_KEY_UISupportedInterfaceOrientations_iPhone = "UIInterfaceOrientationPortrait UIInterfaceOrientationLandscapeLeft UIInterfaceOrientationLandscapeRight";
				LD_RUNPATH_SEARCH_PATHS = (
					"$(inherited)",
					"@executable_path/Frameworks",
				);
				MARKETING_VERSION = 1.0;
				PRODUCT_BUNDLE_IDENTIFIER = com.example.ChessHero;
				PRODUCT_NAME = "$(TARGET_NAME)";
				SWIFT_EMIT_LOC_STRINGS = YES;
				SWIFT_VERSION = 5.0;
				TARGETED_DEVICE_FAMILY = "1,2";
			};
			name = Release;
		};
		B9FB742C2BE5E259000024B7 /* Debug */ = {
			isa = XCBuildConfiguration;
			buildSettings = {
				ALWAYS_EMBED_SWIFT_STANDARD_LIBRARIES = YES;
				BUNDLE_LOADER = "$(TEST_HOST)";
				CODE_SIGN_STYLE = Automatic;
				CURRENT_PROJECT_VERSION = 1;
				GENERATE_INFOPLIST_FILE = YES;
				IPHONEOS_DEPLOYMENT_TARGET = 17.4;
				MARKETING_VERSION = 1.0;
				PRODUCT_BUNDLE_IDENTIFIER = com.example.ChessHeroTests;
				PRODUCT_NAME = "$(TARGET_NAME)";
				SWIFT_EMIT_LOC_STRINGS = NO;
				SWIFT_VERSION = 5.0;
				TARGETED_DEVICE_FAMILY = "1,2";
				TEST_HOST = "$(BUILT_PRODUCTS_DIR)/ChessHero.app/$(BUNDLE_EXECUTABLE_FOLDER_PATH)/ChessHero";
			};
			name = Debug;
		};
		B9FB742D2BE5E259000024B7 /* Release */ = {
			isa = XCBuildConfiguration;
			buildSettings = {
				ALWAYS_EMBED_SWIFT_STANDARD_LIBRARIES = YES;
				BUNDLE_LOADER = "$(TEST_HOST)";
				CODE_SIGN_STYLE = Automatic;
				CURRENT_PROJECT_VERSION = 1;
				GENERATE_INFOPLIST_FILE = YES;
				IPHONEOS_DEPLOYMENT_TARGET = 17.4;
				MARKETING_VERSION = 1.0;
				PRODUCT_BUNDLE_IDENTIFIER = com.example.ChessHeroTests;
				PRODUCT_NAME = "$(TARGET_NAME)";
				SWIFT_EMIT_LOC_STRINGS = NO;
				SWIFT_VERSION = 5.0;
				TARGETED_DEVICE_FAMILY = "1,2";
				TEST_HOST = "$(BUILT_PRODUCTS_DIR)/ChessHero.app/$(BUNDLE_EXECUTABLE_FOLDER_PATH)/ChessHero";
			};
			name = Release;
		};
		B9FB742F2BE5E259000024B7 /* Debug */ = {
			isa = XCBuildConfiguration;
			buildSettings = {
				ALWAYS_EMBED_SWIFT_STANDARD_LIBRARIES = YES;
				CODE_SIGN_STYLE = Automatic;
				CURRENT_PROJECT_VERSION = 1;
				GENERATE_INFOPLIST_FILE = YES;
				MARKETING_VERSION = 1.0;
				PRODUCT_BUNDLE_IDENTIFIER = com.example.ChessHeroUITests;
				PRODUCT_NAME = "$(TARGET_NAME)";
				SWIFT_EMIT_LOC_STRINGS = NO;
				SWIFT_VERSION = 5.0;
				TARGETED_DEVICE_FAMILY = "1,2";
				TEST_TARGET_NAME = ChessHero;
			};
			name = Debug;
		};
		B9FB74302BE5E259000024B7 /* Release */ = {
			isa = XCBuildConfiguration;
			buildSettings = {
				ALWAYS_EMBED_SWIFT_STANDARD_LIBRARIES = YES;
				CODE_SIGN_STYLE = Automatic;
				CURRENT_PROJECT_VERSION = 1;
				GENERATE_INFOPLIST_FILE = YES;
				MARKETING_VERSION = 1.0;
				PRODUCT_BUNDLE_IDENTIFIER = com.example.ChessHeroUITests;
				PRODUCT_NAME = "$(TARGET_NAME)";
				SWIFT_EMIT_LOC_STRINGS = NO;
				SWIFT_VERSION = 5.0;
				TARGETED_DEVICE_FAMILY = "1,2";
				TEST_TARGET_NAME = ChessHero;
			};
			name = Release;
		};
/* End XCBuildConfiguration section */

/* Begin XCConfigurationList section */
		B9FB73FF2BE5E258000024B7 /* Build configuration list for PBXProject "ChessHero" */ = {
			isa = XCConfigurationList;
			buildConfigurations = (
				B9FB74262BE5E259000024B7 /* Debug */,
				B9FB74272BE5E259000024B7 /* Release */,
			);
			defaultConfigurationIsVisible = 0;
			defaultConfigurationName = Release;
		};
		B9FB74282BE5E259000024B7 /* Build configuration list for PBXNativeTarget "ChessHero" */ = {
			isa = XCConfigurationList;
			buildConfigurations = (
				B9FB74292BE5E259000024B7 /* Debug */,
				B9FB742A2BE5E259000024B7 /* Release */,
			);
			defaultConfigurationIsVisible = 0;
			defaultConfigurationName = Release;
		};
		B9FB742B2BE5E259000024B7 /* Build configuration list for PBXNativeTarget "ChessHeroTests" */ = {
			isa = XCConfigurationList;
			buildConfigurations = (
				B9FB742C2BE5E259000024B7 /* Debug */,
				B9FB742D2BE5E259000024B7 /* Release */,
			);
			defaultConfigurationIsVisible = 0;
			defaultConfigurationName = Release;
		};
		B9FB742E2BE5E259000024B7 /* Build configuration list for PBXNativeTarget "ChessHeroUITests" */ = {
			isa = XCConfigurationList;
			buildConfigurations = (
				B9FB742F2BE5E259000024B7 /* Debug */,
				B9FB74302BE5E259000024B7 /* Release */,
			);
			defaultConfigurationIsVisible = 0;
			defaultConfigurationName = Release;
		};
/* End XCConfigurationList section */
	};
	rootObject = B9FB73FC2BE5E258000024B7 /* Project object */;
}
